
Microsoft Visual Studio Solution File, Format Version 12.00
# Visual Studio Version 16
VisualStudioVersion = 16.0.30907.101
MinimumVisualStudioVersion = 10.0.40219.1
Project("{FAE04EC0-301F-11D3-BF4B-00C04F79EFBC}") = "Lab3", "Lab3.csproj", "{B4E3C18F-C577-45A2-9FAB-B7BE83710072}"
EndProject
Global
	GlobalSection(SolutionConfigurationPlatforms) = preSolution
		Debug|Any CPU = Debug|Any CPU
		Release|Any CPU = Release|Any CPU
	EndGlobalSection
	GlobalSection(ProjectConfigurationPlatforms) = postSolution
		{B4E3C18F-C577-45A2-9FAB-B7BE83710072}.Debug|Any CPU.ActiveCfg = Debug|Any CPU
		{B4E3C18F-C577-45A2-9FAB-B7BE83710072}.Debug|Any CPU.Build.0 = Debug|Any CPU
		{B4E3C18F-C577-45A2-9FAB-B7BE83710072}.Release|Any CPU.ActiveCfg = Release|Any CPU
		{B4E3C18F-C577-45A2-9FAB-B7BE83710072}.Release|Any CPU.Build.0 = Release|Any CPU
	EndGlobalSection
	GlobalSection(SolutionProperties) = preSolution
		HideSolutionNode = FALSE
	EndGlobalSection
	GlobalSection(ExtensibilityGlobals) = postSolution
		SolutionGuid = {FC38CA36-E19F-4A5E-A070-DE2A28FBB12F}
	EndGlobalSection
EndGlobal
